
Microsoft Visual Studio Solution File, Format Version 12.00
# Visual Studio Version 16
VisualStudioVersion = 16.0.29613.14
MinimumVisualStudioVersion = 10.0.40219.1
Project("{FAE04EC0-301F-11D3-BF4B-00C04F79EFBC}") = "DOS_Chess", "DOS_Chess\DOS_Chess.csproj", "{3F0396A0-8657-4B9B-B108-21255A3F3BF4}"
EndProject
Global
	GlobalSection(SolutionConfigurationPlatforms) = preSolution
		Debug|Any CPU = Debug|Any CPU
		Release|Any CPU = Release|Any CPU
	EndGlobalSection
	GlobalSection(ProjectConfigurationPlatforms) = postSolution
		{3F0396A0-8657-4B9B-B108-21255A3F3BF4}.Debug|Any CPU.ActiveCfg = Debug|Any CPU
		{3F0396A0-8657-4B9B-B108-21255A3F3BF4}.Debug|Any CPU.Build.0 = Debug|Any CPU
		{3F0396A0-8657-4B9B-B108-21255A3F3BF4}.Release|Any CPU.ActiveCfg = Release|Any CPU
		{3F0396A0-8657-4B9B-B108-21255A3F3BF4}.Release|Any CPU.Build.0 = Release|Any CPU
	EndGlobalSection
	GlobalSection(SolutionProperties) = preSolution
		HideSolutionNode = FALSE
	EndGlobalSection
	GlobalSection(ExtensibilityGlobals) = postSolution
		SolutionGuid = {4C7F72E6-E649-4608-85D9-D8A50E2D47CA}
	EndGlobalSection
EndGlobal
